// !$*UTF8*$!
{
	archiveVersion = 1;
	classes = {
	};
	objectVersion = 55;
	objects = {

/* Begin PBXBuildFile section */
		34D06F1B2A0301E90019A842 /* ScoreboardView.swift in Sources */ = {isa = PBXBuildFile; fileRef = 34D06F1A2A0301E90019A842 /* ScoreboardView.swift */; };
		34D06F1D2A0302230019A842 /* PlayerLabelView.swift in Sources */ = {isa = PBXBuildFile; fileRef = 34D06F1C2A0302230019A842 /* PlayerLabelView.swift */; };
		34D06F1F2A03049F0019A842 /* ScoreboardViewModel.swift in Sources */ = {isa = PBXBuildFile; fileRef = 34D06F1E2A03049F0019A842 /* ScoreboardViewModel.swift */; };
		34D06F212A0308B40019A842 /* GameScoreView.swift in Sources */ = {isa = PBXBuildFile; fileRef = 34D06F202A0308B40019A842 /* GameScoreView.swift */; };
		34D5A86029F0647A00FFEF75 /* FastBreakApp.swift in Sources */ = {isa = PBXBuildFile; fileRef = 34D5A85F29F0647A00FFEF75 /* FastBreakApp.swift */; };
		34D5A86229F0647A00FFEF75 /* HomeView.swift in Sources */ = {isa = PBXBuildFile; fileRef = 34D5A86129F0647A00FFEF75 /* HomeView.swift */; };
		34D5A86429F0648000FFEF75 /* Assets.xcassets in Resources */ = {isa = PBXBuildFile; fileRef = 34D5A86329F0648000FFEF75 /* Assets.xcassets */; };
		34D5A86729F0648000FFEF75 /* Preview Assets.xcassets in Resources */ = {isa = PBXBuildFile; fileRef = 34D5A86629F0648000FFEF75 /* Preview Assets.xcassets */; };
		34D5A87329F0651D00FFEF75 /* PlayerModel.xcdatamodeld in Sources */ = {isa = PBXBuildFile; fileRef = 34D5A87129F0651D00FFEF75 /* PlayerModel.xcdatamodeld */; };
		34D5A87529F065CF00FFEF75 /* DataController.swift in Sources */ = {isa = PBXBuildFile; fileRef = 34D5A87429F065CF00FFEF75 /* DataController.swift */; };
		34D5A87929F0686E00FFEF75 /* Team.swift in Sources */ = {isa = PBXBuildFile; fileRef = 34D5A87829F0686E00FFEF75 /* Team.swift */; };
		34D5A87B29F0699900FFEF75 /* Game.swift in Sources */ = {isa = PBXBuildFile; fileRef = 34D5A87A29F0699900FFEF75 /* Game.swift */; };
		34D5A87F29F06E1D00FFEF75 /* StartGameView.swift in Sources */ = {isa = PBXBuildFile; fileRef = 34D5A87E29F06E1D00FFEF75 /* StartGameView.swift */; };
		34D5A88129F06E2C00FFEF75 /* AddPlayerView.swift in Sources */ = {isa = PBXBuildFile; fileRef = 34D5A88029F06E2C00FFEF75 /* AddPlayerView.swift */; };
		34D5A88329F06E3300FFEF75 /* StatsView.swift in Sources */ = {isa = PBXBuildFile; fileRef = 34D5A88229F06E3300FFEF75 /* StatsView.swift */; };
		34E7085329F6DE4000CC24DB /* GameViewModel.swift in Sources */ = {isa = PBXBuildFile; fileRef = 34E7085229F6DE4000CC24DB /* GameViewModel.swift */; };
		34E7085529F6E1B500CC24DB /* AddPlayerViewModel.swift in Sources */ = {isa = PBXBuildFile; fileRef = 34E7085429F6E1B500CC24DB /* AddPlayerViewModel.swift */; };
/* End PBXBuildFile section */

/* Begin PBXFileReference section */
		34D06F1A2A0301E90019A842 /* ScoreboardView.swift */ = {isa = PBXFileReference; lastKnownFileType = sourcecode.swift; path = ScoreboardView.swift; sourceTree = "<group>"; };
		34D06F1C2A0302230019A842 /* PlayerLabelView.swift */ = {isa = PBXFileReference; lastKnownFileType = sourcecode.swift; path = PlayerLabelView.swift; sourceTree = "<group>"; };
		34D06F1E2A03049F0019A842 /* ScoreboardViewModel.swift */ = {isa = PBXFileReference; lastKnownFileType = sourcecode.swift; path = ScoreboardViewModel.swift; sourceTree = "<group>"; };
		34D06F202A0308B40019A842 /* GameScoreView.swift */ = {isa = PBXFileReference; lastKnownFileType = sourcecode.swift; path = GameScoreView.swift; sourceTree = "<group>"; };
		34D5A85C29F0647A00FFEF75 /* FastBreak.app */ = {isa = PBXFileReference; explicitFileType = wrapper.application; includeInIndex = 0; path = FastBreak.app; sourceTree = BUILT_PRODUCTS_DIR; };
		34D5A85F29F0647A00FFEF75 /* FastBreakApp.swift */ = {isa = PBXFileReference; lastKnownFileType = sourcecode.swift; path = FastBreakApp.swift; sourceTree = "<group>"; };
		34D5A86129F0647A00FFEF75 /* HomeView.swift */ = {isa = PBXFileReference; lastKnownFileType = sourcecode.swift; path = HomeView.swift; sourceTree = "<group>"; };
		34D5A86329F0648000FFEF75 /* Assets.xcassets */ = {isa = PBXFileReference; lastKnownFileType = folder.assetcatalog; path = Assets.xcassets; sourceTree = "<group>"; };
		34D5A86629F0648000FFEF75 /* Preview Assets.xcassets */ = {isa = PBXFileReference; lastKnownFileType = folder.assetcatalog; path = "Preview Assets.xcassets"; sourceTree = "<group>"; };
		34D5A87229F0651D00FFEF75 /* PlayerModel.xcdatamodel */ = {isa = PBXFileReference; lastKnownFileType = wrapper.xcdatamodel; path = PlayerModel.xcdatamodel; sourceTree = "<group>"; };
		34D5A87429F065CF00FFEF75 /* DataController.swift */ = {isa = PBXFileReference; lastKnownFileType = sourcecode.swift; path = DataController.swift; sourceTree = "<group>"; };
		34D5A87829F0686E00FFEF75 /* Team.swift */ = {isa = PBXFileReference; lastKnownFileType = sourcecode.swift; path = Team.swift; sourceTree = "<group>"; };
		34D5A87A29F0699900FFEF75 /* Game.swift */ = {isa = PBXFileReference; lastKnownFileType = sourcecode.swift; path = Game.swift; sourceTree = "<group>"; };
		34D5A87E29F06E1D00FFEF75 /* StartGameView.swift */ = {isa = PBXFileReference; lastKnownFileType = sourcecode.swift; path = StartGameView.swift; sourceTree = "<group>"; };
		34D5A88029F06E2C00FFEF75 /* AddPlayerView.swift */ = {isa = PBXFileReference; lastKnownFileType = sourcecode.swift; path = AddPlayerView.swift; sourceTree = "<group>"; };
		34D5A88229F06E3300FFEF75 /* StatsView.swift */ = {isa = PBXFileReference; lastKnownFileType = sourcecode.swift; path = StatsView.swift; sourceTree = "<group>"; };
		34E7085229F6DE4000CC24DB /* GameViewModel.swift */ = {isa = PBXFileReference; lastKnownFileType = sourcecode.swift; path = GameViewModel.swift; sourceTree = "<group>"; };
		34E7085429F6E1B500CC24DB /* AddPlayerViewModel.swift */ = {isa = PBXFileReference; lastKnownFileType = sourcecode.swift; path = AddPlayerViewModel.swift; sourceTree = "<group>"; };
/* End PBXFileReference section */

/* Begin PBXFrameworksBuildPhase section */
		34D5A85929F0647A00FFEF75 /* Frameworks */ = {
			isa = PBXFrameworksBuildPhase;
			buildActionMask = 2147483647;
			files = (
			);
			runOnlyForDeploymentPostprocessing = 0;
		};
/* End PBXFrameworksBuildPhase section */

/* Begin PBXGroup section */
		34D5A85329F0647A00FFEF75 = {
			isa = PBXGroup;
			children = (
				34D5A85E29F0647A00FFEF75 /* FastBreak */,
				34D5A85D29F0647A00FFEF75 /* Products */,
			);
			sourceTree = "<group>";
		};
		34D5A85D29F0647A00FFEF75 /* Products */ = {
			isa = PBXGroup;
			children = (
				34D5A85C29F0647A00FFEF75 /* FastBreak.app */,
			);
			name = Products;
			sourceTree = "<group>";
		};
		34D5A85E29F0647A00FFEF75 /* FastBreak */ = {
			isa = PBXGroup;
			children = (
				34D5A87D29F06DAB00FFEF75 /* Views */,
				34D5A87C29F06D9F00FFEF75 /* ViewModels */,
				34D5A87029F0650D00FFEF75 /* Models */,
				34D5A85F29F0647A00FFEF75 /* FastBreakApp.swift */,
				34D5A86329F0648000FFEF75 /* Assets.xcassets */,
				34D5A86529F0648000FFEF75 /* Preview Content */,
			);
			path = FastBreak;
			sourceTree = "<group>";
		};
		34D5A86529F0648000FFEF75 /* Preview Content */ = {
			isa = PBXGroup;
			children = (
				34D5A86629F0648000FFEF75 /* Preview Assets.xcassets */,
			);
			path = "Preview Content";
			sourceTree = "<group>";
		};
		34D5A87029F0650D00FFEF75 /* Models */ = {
			isa = PBXGroup;
			children = (
				34D5A87129F0651D00FFEF75 /* PlayerModel.xcdatamodeld */,
				34D5A87829F0686E00FFEF75 /* Team.swift */,
				34D5A87A29F0699900FFEF75 /* Game.swift */,
			);
			path = Models;
			sourceTree = "<group>";
		};
		34D5A87C29F06D9F00FFEF75 /* ViewModels */ = {
			isa = PBXGroup;
			children = (
				34E7085229F6DE4000CC24DB /* GameViewModel.swift */,
				34D06F1E2A03049F0019A842 /* ScoreboardViewModel.swift */,
				34E7085429F6E1B500CC24DB /* AddPlayerViewModel.swift */,
				34D5A87429F065CF00FFEF75 /* DataController.swift */,
			);
			path = ViewModels;
			sourceTree = "<group>";
		};
		34D5A87D29F06DAB00FFEF75 /* Views */ = {
			isa = PBXGroup;
			children = (
				34D5A86129F0647A00FFEF75 /* HomeView.swift */,
				34D5A87E29F06E1D00FFEF75 /* StartGameView.swift */,
				34D5A88029F06E2C00FFEF75 /* AddPlayerView.swift */,
				34D5A88229F06E3300FFEF75 /* StatsView.swift */,
				34D06F1A2A0301E90019A842 /* ScoreboardView.swift */,
				34D06F202A0308B40019A842 /* GameScoreView.swift */,
				34D06F1C2A0302230019A842 /* PlayerLabelView.swift */,
			);
			path = Views;
			sourceTree = "<group>";
		};
/* End PBXGroup section */

/* Begin PBXNativeTarget section */
		34D5A85B29F0647A00FFEF75 /* FastBreak */ = {
			isa = PBXNativeTarget;
			buildConfigurationList = 34D5A86A29F0648000FFEF75 /* Build configuration list for PBXNativeTarget "FastBreak" */;
			buildPhases = (
				34D5A85829F0647A00FFEF75 /* Sources */,
				34D5A85929F0647A00FFEF75 /* Frameworks */,
				34D5A85A29F0647A00FFEF75 /* Resources */,
			);
			buildRules = (
			);
			dependencies = (
			);
			name = FastBreak;
			productName = FastBreak;
			productReference = 34D5A85C29F0647A00FFEF75 /* FastBreak.app */;
			productType = "com.apple.product-type.application";
		};
/* End PBXNativeTarget section */

/* Begin PBXProject section */
		34D5A85429F0647A00FFEF75 /* Project object */ = {
			isa = PBXProject;
			attributes = {
				BuildIndependentTargetsInParallel = 1;
				LastSwiftUpdateCheck = 1340;
				LastUpgradeCheck = 1340;
				TargetAttributes = {
					34D5A85B29F0647A00FFEF75 = {
						CreatedOnToolsVersion = 13.4.1;
					};
				};
			};
			buildConfigurationList = 34D5A85729F0647A00FFEF75 /* Build configuration list for PBXProject "FastBreak" */;
			compatibilityVersion = "Xcode 13.0";
			developmentRegion = en;
			hasScannedForEncodings = 0;
			knownRegions = (
				en,
				Base,
			);
			mainGroup = 34D5A85329F0647A00FFEF75;
			productRefGroup = 34D5A85D29F0647A00FFEF75 /* Products */;
			projectDirPath = "";
			projectRoot = "";
			targets = (
				34D5A85B29F0647A00FFEF75 /* FastBreak */,
			);
		};
/* End PBXProject section */

/* Begin PBXResourcesBuildPhase section */
		34D5A85A29F0647A00FFEF75 /* Resources */ = {
			isa = PBXResourcesBuildPhase;
			buildActionMask = 2147483647;
			files = (
				34D5A86729F0648000FFEF75 /* Preview Assets.xcassets in Resources */,
				34D5A86429F0648000FFEF75 /* Assets.xcassets in Resources */,
			);
			runOnlyForDeploymentPostprocessing = 0;
		};
/* End PBXResourcesBuildPhase section */

/* Begin PBXSourcesBuildPhase section */
		34D5A85829F0647A00FFEF75 /* Sources */ = {
			isa = PBXSourcesBuildPhase;
			buildActionMask = 2147483647;
			files = (
				34D06F212A0308B40019A842 /* GameScoreView.swift in Sources */,
				34D5A87329F0651D00FFEF75 /* PlayerModel.xcdatamodeld in Sources */,
				34D5A87B29F0699900FFEF75 /* Game.swift in Sources */,
				34D5A87529F065CF00FFEF75 /* DataController.swift in Sources */,
				34D06F1D2A0302230019A842 /* PlayerLabelView.swift in Sources */,
				34D06F1F2A03049F0019A842 /* ScoreboardViewModel.swift in Sources */,
				34D5A87F29F06E1D00FFEF75 /* StartGameView.swift in Sources */,
				34D5A86229F0647A00FFEF75 /* HomeView.swift in Sources */,
				34D5A87929F0686E00FFEF75 /* Team.swift in Sources */,
				34D5A86029F0647A00FFEF75 /* FastBreakApp.swift in Sources */,
				34D5A88129F06E2C00FFEF75 /* AddPlayerView.swift in Sources */,
				34E7085329F6DE4000CC24DB /* GameViewModel.swift in Sources */,
				34E7085529F6E1B500CC24DB /* AddPlayerViewModel.swift in Sources */,
				34D06F1B2A0301E90019A842 /* ScoreboardView.swift in Sources */,
				34D5A88329F06E3300FFEF75 /* StatsView.swift in Sources */,
			);
			runOnlyForDeploymentPostprocessing = 0;
		};
/* End PBXSourcesBuildPhase section */

/* Begin XCBuildConfiguration section */
		34D5A86829F0648000FFEF75 /* Debug */ = {
			isa = XCBuildConfiguration;
			buildSettings = {
				ALWAYS_SEARCH_USER_PATHS = NO;
				CLANG_ANALYZER_NONNULL = YES;
				CLANG_ANALYZER_NUMBER_OBJECT_CONVERSION = YES_AGGRESSIVE;
				CLANG_CXX_LANGUAGE_STANDARD = "gnu++17";
				CLANG_ENABLE_MODULES = YES;
				CLANG_ENABLE_OBJC_ARC = YES;
				CLANG_ENABLE_OBJC_WEAK = YES;
				CLANG_WARN_BLOCK_CAPTURE_AUTORELEASING = YES;
				CLANG_WARN_BOOL_CONVERSION = YES;
				CLANG_WARN_COMMA = YES;
				CLANG_WARN_CONSTANT_CONVERSION = YES;
				CLANG_WARN_DEPRECATED_OBJC_IMPLEMENTATIONS = YES;
				CLANG_WARN_DIRECT_OBJC_ISA_USAGE = YES_ERROR;
				CLANG_WARN_DOCUMENTATION_COMMENTS = YES;
				CLANG_WARN_EMPTY_BODY = YES;
				CLANG_WARN_ENUM_CONVERSION = YES;
				CLANG_WARN_INFINITE_RECURSION = YES;
				CLANG_WARN_INT_CONVERSION = YES;
				CLANG_WARN_NON_LITERAL_NULL_CONVERSION = YES;
				CLANG_WARN_OBJC_IMPLICIT_RETAIN_SELF = YES;
				CLANG_WARN_OBJC_LITERAL_CONVERSION = YES;
				CLANG_WARN_OBJC_ROOT_CLASS = YES_ERROR;
				CLANG_WARN_QUOTED_INCLUDE_IN_FRAMEWORK_HEADER = YES;
				CLANG_WARN_RANGE_LOOP_ANALYSIS = YES;
				CLANG_WARN_STRICT_PROTOTYPES = YES;
				CLANG_WARN_SUSPICIOUS_MOVE = YES;
				CLANG_WARN_UNGUARDED_AVAILABILITY = YES_AGGRESSIVE;
				CLANG_WARN_UNREACHABLE_CODE = YES;
				CLANG_WARN__DUPLICATE_METHOD_MATCH = YES;
				COPY_PHASE_STRIP = NO;
				DEBUG_INFORMATION_FORMAT = dwarf;
				ENABLE_STRICT_OBJC_MSGSEND = YES;
				ENABLE_TESTABILITY = YES;
				GCC_C_LANGUAGE_STANDARD = gnu11;
				GCC_DYNAMIC_NO_PIC = NO;
				GCC_NO_COMMON_BLOCKS = YES;
				GCC_OPTIMIZATION_LEVEL = 0;
				GCC_PREPROCESSOR_DEFINITIONS = (
					"DEBUG=1",
					"$(inherited)",
				);
				GCC_WARN_64_TO_32_BIT_CONVERSION = YES;
				GCC_WARN_ABOUT_RETURN_TYPE = YES_ERROR;
				GCC_WARN_UNDECLARED_SELECTOR = YES;
				GCC_WARN_UNINITIALIZED_AUTOS = YES_AGGRESSIVE;
				GCC_WARN_UNUSED_FUNCTION = YES;
				GCC_WARN_UNUSED_VARIABLE = YES;
				IPHONEOS_DEPLOYMENT_TARGET = 15.5;
				MTL_ENABLE_DEBUG_INFO = INCLUDE_SOURCE;
				MTL_FAST_MATH = YES;
				ONLY_ACTIVE_ARCH = YES;
				SDKROOT = iphoneos;
				SWIFT_ACTIVE_COMPILATION_CONDITIONS = DEBUG;
				SWIFT_OPTIMIZATION_LEVEL = "-Onone";
			};
			name = Debug;
		};
		34D5A86929F0648000FFEF75 /* Release */ = {
			isa = XCBuildConfiguration;
			buildSettings = {
				ALWAYS_SEARCH_USER_PATHS = NO;
				CLANG_ANALYZER_NONNULL = YES;
				CLANG_ANALYZER_NUMBER_OBJECT_CONVERSION = YES_AGGRESSIVE;
				CLANG_CXX_LANGUAGE_STANDARD = "gnu++17";
				CLANG_ENABLE_MODULES = YES;
				CLANG_ENABLE_OBJC_ARC = YES;
				CLANG_ENABLE_OBJC_WEAK = YES;
				CLANG_WARN_BLOCK_CAPTURE_AUTORELEASING = YES;
				CLANG_WARN_BOOL_CONVERSION = YES;
				CLANG_WARN_COMMA = YES;
				CLANG_WARN_CONSTANT_CONVERSION = YES;
				CLANG_WARN_DEPRECATED_OBJC_IMPLEMENTATIONS = YES;
				CLANG_WARN_DIRECT_OBJC_ISA_USAGE = YES_ERROR;
				CLANG_WARN_DOCUMENTATION_COMMENTS = YES;
				CLANG_WARN_EMPTY_BODY = YES;
				CLANG_WARN_ENUM_CONVERSION = YES;
				CLANG_WARN_INFINITE_RECURSION = YES;
				CLANG_WARN_INT_CONVERSION = YES;
				CLANG_WARN_NON_LITERAL_NULL_CONVERSION = YES;
				CLANG_WARN_OBJC_IMPLICIT_RETAIN_SELF = YES;
				CLANG_WARN_OBJC_LITERAL_CONVERSION = YES;
				CLANG_WARN_OBJC_ROOT_CLASS = YES_ERROR;
				CLANG_WARN_QUOTED_INCLUDE_IN_FRAMEWORK_HEADER = YES;
				CLANG_WARN_RANGE_LOOP_ANALYSIS = YES;
				CLANG_WARN_STRICT_PROTOTYPES = YES;
				CLANG_WARN_SUSPICIOUS_MOVE = YES;
				CLANG_WARN_UNGUARDED_AVAILABILITY = YES_AGGRESSIVE;
				CLANG_WARN_UNREACHABLE_CODE = YES;
				CLANG_WARN__DUPLICATE_METHOD_MATCH = YES;
				COPY_PHASE_STRIP = NO;
				DEBUG_INFORMATION_FORMAT = "dwarf-with-dsym";
				ENABLE_NS_ASSERTIONS = NO;
				ENABLE_STRICT_OBJC_MSGSEND = YES;
				GCC_C_LANGUAGE_STANDARD = gnu11;
				GCC_NO_COMMON_BLOCKS = YES;
				GCC_WARN_64_TO_32_BIT_CONVERSION = YES;
				GCC_WARN_ABOUT_RETURN_TYPE = YES_ERROR;
				GCC_WARN_UNDECLARED_SELECTOR = YES;
				GCC_WARN_UNINITIALIZED_AUTOS = YES_AGGRESSIVE;
				GCC_WARN_UNUSED_FUNCTION = YES;
				GCC_WARN_UNUSED_VARIABLE = YES;
				IPHONEOS_DEPLOYMENT_TARGET = 15.5;
				MTL_ENABLE_DEBUG_INFO = NO;
				MTL_FAST_MATH = YES;
				SDKROOT = iphoneos;
				SWIFT_COMPILATION_MODE = wholemodule;
				SWIFT_OPTIMIZATION_LEVEL = "-O";
				VALIDATE_PRODUCT = YES;
			};
			name = Release;
		};
		34D5A86B29F0648000FFEF75 /* Debug */ = {
			isa = XCBuildConfiguration;
			buildSettings = {
				ASSETCATALOG_COMPILER_APPICON_NAME = AppIcon;
				ASSETCATALOG_COMPILER_GLOBAL_ACCENT_COLOR_NAME = AccentColor;
				CODE_SIGN_STYLE = Automatic;
				CURRENT_PROJECT_VERSION = 1;
				DEVELOPMENT_ASSET_PATHS = "\"FastBreak/Preview Content\"";
				DEVELOPMENT_TEAM = 2V9PJ4F97F;
				ENABLE_PREVIEWS = YES;
				GENERATE_INFOPLIST_FILE = YES;
				INFOPLIST_KEY_UIApplicationSceneManifest_Generation = YES;
				INFOPLIST_KEY_UIApplicationSupportsIndirectInputEvents = YES;
				INFOPLIST_KEY_UILaunchScreen_Generation = YES;
				INFOPLIST_KEY_UISupportedInterfaceOrientations_iPad = "UIInterfaceOrientationPortrait UIInterfaceOrientationPortraitUpsideDown UIInterfaceOrientationLandscapeLeft UIInterfaceOrientationLandscapeRight";
				INFOPLIST_KEY_UISupportedInterfaceOrientations_iPhone = "UIInterfaceOrientationPortrait UIInterfaceOrientationLandscapeLeft UIInterfaceOrientationLandscapeRight";
				LD_RUNPATH_SEARCH_PATHS = (
					"$(inherited)",
					"@executable_path/Frameworks",
				);
				MARKETING_VERSION = 1.0;
				PRODUCT_BUNDLE_IDENTIFIER = com.MatthewLow.FastBreak;
				PRODUCT_NAME = "$(TARGET_NAME)";
				SWIFT_EMIT_LOC_STRINGS = YES;
				SWIFT_VERSION = 5.0;
				TARGETED_DEVICE_FAMILY = "1,2";
			};
			name = Debug;
		};
		34D5A86C29F0648000FFEF75 /* Release */ = {
			isa = XCBuildConfiguration;
			buildSettings = {
				ASSETCATALOG_COMPILER_APPICON_NAME = AppIcon;
				ASSETCATALOG_COMPILER_GLOBAL_ACCENT_COLOR_NAME = AccentColor;
				CODE_SIGN_STYLE = Automatic;
				CURRENT_PROJECT_VERSION = 1;
				DEVELOPMENT_ASSET_PATHS = "\"FastBreak/Preview Content\"";
				DEVELOPMENT_TEAM = 2V9PJ4F97F;
				ENABLE_PREVIEWS = YES;
				GENERATE_INFOPLIST_FILE = YES;
				INFOPLIST_KEY_UIApplicationSceneManifest_Generation = YES;
				INFOPLIST_KEY_UIApplicationSupportsIndirectInputEvents = YES;
				INFOPLIST_KEY_UILaunchScreen_Generation = YES;
				INFOPLIST_KEY_UISupportedInterfaceOrientations_iPad = "UIInterfaceOrientationPortrait UIInterfaceOrientationPortraitUpsideDown UIInterfaceOrientationLandscapeLeft UIInterfaceOrientationLandscapeRight";
				INFOPLIST_KEY_UISupportedInterfaceOrientations_iPhone = "UIInterfaceOrientationPortrait UIInterfaceOrientationLandscapeLeft UIInterfaceOrientationLandscapeRight";
				LD_RUNPATH_SEARCH_PATHS = (
					"$(inherited)",
					"@executable_path/Frameworks",
				);
				MARKETING_VERSION = 1.0;
				PRODUCT_BUNDLE_IDENTIFIER = com.MatthewLow.FastBreak;
				PRODUCT_NAME = "$(TARGET_NAME)";
				SWIFT_EMIT_LOC_STRINGS = YES;
				SWIFT_VERSION = 5.0;
				TARGETED_DEVICE_FAMILY = "1,2";
			};
			name = Release;
		};
/* End XCBuildConfiguration section */

/* Begin XCConfigurationList section */
		34D5A85729F0647A00FFEF75 /* Build configuration list for PBXProject "FastBreak" */ = {
			isa = XCConfigurationList;
			buildConfigurations = (
				34D5A86829F0648000FFEF75 /* Debug */,
				34D5A86929F0648000FFEF75 /* Release */,
			);
			defaultConfigurationIsVisible = 0;
			defaultConfigurationName = Release;
		};
		34D5A86A29F0648000FFEF75 /* Build configuration list for PBXNativeTarget "FastBreak" */ = {
			isa = XCConfigurationList;
			buildConfigurations = (
				34D5A86B29F0648000FFEF75 /* Debug */,
				34D5A86C29F0648000FFEF75 /* Release */,
			);
			defaultConfigurationIsVisible = 0;
			defaultConfigurationName = Release;
		};
/* End XCConfigurationList section */

/* Begin XCVersionGroup section */
		34D5A87129F0651D00FFEF75 /* PlayerModel.xcdatamodeld */ = {
			isa = XCVersionGroup;
			children = (
				34D5A87229F0651D00FFEF75 /* PlayerModel.xcdatamodel */,
			);
			currentVersion = 34D5A87229F0651D00FFEF75 /* PlayerModel.xcdatamodel */;
			path = PlayerModel.xcdatamodeld;
			sourceTree = "<group>";
			versionGroupType = wrapper.xcdatamodel;
		};
/* End XCVersionGroup section */
	};
	rootObject = 34D5A85429F0647A00FFEF75 /* Project object */;
}
